
Microsoft Visual Studio Solution File, Format Version 12.00
# Visual Studio Version 17
VisualStudioVersion = 17.8.34330.188
MinimumVisualStudioVersion = 10.0.40219.1
Project("{FAE04EC0-301F-11D3-BF4B-00C04F79EFBC}") = "BlazorWebRtc.Client", "BlazorWebRtc.Client\BlazorWebRtc.Client.csproj", "{1628BBB4-BE51-477B-8C2F-75ECEC5C5DAC}"
EndProject
Project("{FAE04EC0-301F-11D3-BF4B-00C04F79EFBC}") = "BlazorWebRtc.Api", "BlazorWebRtc.Api\BlazorWebRtc.Api.csproj", "{ED7C74AC-3370-45E0-8229-3742A424CA60}"
EndProject
Project("{FAE04EC0-301F-11D3-BF4B-00C04F79EFBC}") = "BlazorWebRtc.Application", "BlazorWebRtc.Application\BlazorWebRtc.Application.csproj", "{F0F027E5-B38A-4AB7-A45B-0175774AE3DB}"
EndProject
Project("{FAE04EC0-301F-11D3-BF4B-00C04F79EFBC}") = "BlazorWebRtc.Domain", "BlazorWebRtc.Domain\BlazorWebRtc.Domain.csproj", "{DE795B08-EB2E-43CD-A6DB-ED52B62EBF2F}"
EndProject
Project("{FAE04EC0-301F-11D3-BF4B-00C04F79EFBC}") = "BlazorWebRtc.Persistence", "BlazorWebRtc.Persistence\BlazorWebRtc.Persistence.csproj", "{E4784B56-9673-489E-9370-421FC04DBD93}"
EndProject
Global
	GlobalSection(SolutionConfigurationPlatforms) = preSolution
		Debug|Any CPU = Debug|Any CPU
		Release|Any CPU = Release|Any CPU
	EndGlobalSection
	GlobalSection(ProjectConfigurationPlatforms) = postSolution
		{1628BBB4-BE51-477B-8C2F-75ECEC5C5DAC}.Debug|Any CPU.ActiveCfg = Debug|Any CPU
		{1628BBB4-BE51-477B-8C2F-75ECEC5C5DAC}.Debug|Any CPU.Build.0 = Debug|Any CPU
		{1628BBB4-BE51-477B-8C2F-75ECEC5C5DAC}.Release|Any CPU.ActiveCfg = Release|Any CPU
		{1628BBB4-BE51-477B-8C2F-75ECEC5C5DAC}.Release|Any CPU.Build.0 = Release|Any CPU
		{ED7C74AC-3370-45E0-8229-3742A424CA60}.Debug|Any CPU.ActiveCfg = Debug|Any CPU
		{ED7C74AC-3370-45E0-8229-3742A424CA60}.Debug|Any CPU.Build.0 = Debug|Any CPU
		{ED7C74AC-3370-45E0-8229-3742A424CA60}.Release|Any CPU.ActiveCfg = Release|Any CPU
		{ED7C74AC-3370-45E0-8229-3742A424CA60}.Release|Any CPU.Build.0 = Release|Any CPU
		{F0F027E5-B38A-4AB7-A45B-0175774AE3DB}.Debug|Any CPU.ActiveCfg = Debug|Any CPU
		{F0F027E5-B38A-4AB7-A45B-0175774AE3DB}.Debug|Any CPU.Build.0 = Debug|Any CPU
		{F0F027E5-B38A-4AB7-A45B-0175774AE3DB}.Release|Any CPU.ActiveCfg = Release|Any CPU
		{F0F027E5-B38A-4AB7-A45B-0175774AE3DB}.Release|Any CPU.Build.0 = Release|Any CPU
		{DE795B08-EB2E-43CD-A6DB-ED52B62EBF2F}.Debug|Any CPU.ActiveCfg = Debug|Any CPU
		{DE795B08-EB2E-43CD-A6DB-ED52B62EBF2F}.Debug|Any CPU.Build.0 = Debug|Any CPU
		{DE795B08-EB2E-43CD-A6DB-ED52B62EBF2F}.Release|Any CPU.ActiveCfg = Release|Any CPU
		{DE795B08-EB2E-43CD-A6DB-ED52B62EBF2F}.Release|Any CPU.Build.0 = Release|Any CPU
		{E4784B56-9673-489E-9370-421FC04DBD93}.Debug|Any CPU.ActiveCfg = Debug|Any CPU
		{E4784B56-9673-489E-9370-421FC04DBD93}.Debug|Any CPU.Build.0 = Debug|Any CPU
		{E4784B56-9673-489E-9370-421FC04DBD93}.Release|Any CPU.ActiveCfg = Release|Any CPU
		{E4784B56-9673-489E-9370-421FC04DBD93}.Release|Any CPU.Build.0 = Release|Any CPU
	EndGlobalSection
	GlobalSection(SolutionProperties) = preSolution
		HideSolutionNode = FALSE
	EndGlobalSection
	GlobalSection(ExtensibilityGlobals) = postSolution
		SolutionGuid = {8A9FB991-15A1-4ED4-AFE0-B196EE858A52}
	EndGlobalSection
EndGlobal
